// !$*UTF8*$!
{
	archiveVersion = 1;
	classes = {
	};
	objectVersion = 46;
	objects = {

/* Begin PBXBuildFile section */
		EFD637DC1CFF777A003AB079 /* AppDelegate.swift in Sources */ = {isa = PBXBuildFile; fileRef = EFD637DB1CFF777A003AB079 /* AppDelegate.swift */; };
		EFD637DE1CFF777A003AB079 /* ViewController.swift in Sources */ = {isa = PBXBuildFile; fileRef = EFD637DD1CFF777A003AB079 /* ViewController.swift */; };
		EFD637E11CFF777A003AB079 /* Main.storyboard in Resources */ = {isa = PBXBuildFile; fileRef = EFD637DF1CFF777A003AB079 /* Main.storyboard */; };
		EFD637E31CFF777A003AB079 /* Assets.xcassets in Resources */ = {isa = PBXBuildFile; fileRef = EFD637E21CFF777A003AB079 /* Assets.xcassets */; };
		EFD637E61CFF777A003AB079 /* LaunchScreen.storyboard in Resources */ = {isa = PBXBuildFile; fileRef = EFD637E41CFF777A003AB079 /* LaunchScreen.storyboard */; };
/* End PBXBuildFile section */

/* Begin PBXFileReference section */
		EFD637D81CFF777A003AB079 /* Edumate.app */ = {isa = PBXFileReference; explicitFileType = wrapper.application; includeInIndex = 0; path = Edumate.app; sourceTree = BUILT_PRODUCTS_DIR; };
		EFD637DB1CFF777A003AB079 /* AppDelegate.swift */ = {isa = PBXFileReference; lastKnownFileType = sourcecode.swift; path = AppDelegate.swift; sourceTree = "<group>"; };
		EFD637DD1CFF777A003AB079 /* ViewController.swift */ = {isa = PBXFileReference; lastKnownFileType = sourcecode.swift; path = ViewController.swift; sourceTree = "<group>"; };
		EFD637E01CFF777A003AB079 /* Base */ = {isa = PBXFileReference; lastKnownFileType = file.storyboard; name = Base; path = Base.lproj/Main.storyboard; sourceTree = "<group>"; };
		EFD637E21CFF777A003AB079 /* Assets.xcassets */ = {isa = PBXFileReference; lastKnownFileType = folder.assetcatalog; path = Assets.xcassets; sourceTree = "<group>"; };
		EFD637E51CFF777A003AB079 /* Base */ = {isa = PBXFileReference; lastKnownFileType = file.storyboard; name = Base; path = Base.lproj/LaunchScreen.storyboard; sourceTree = "<group>"; };
		EFD637E71CFF777A003AB079 /* Info.plist */ = {isa = PBXFileReference; lastKnownFileType = text.plist.xml; path = Info.plist; sourceTree = "<group>"; };
/* End PBXFileReference section */

/* Begin PBXFrameworksBuildPhase section */
		EFD637D51CFF777A003AB079 /* Frameworks */ = {
			isa = PBXFrameworksBuildPhase;
			buildActionMask = 2147483647;
			files = (
			);
			runOnlyForDeploymentPostprocessing = 0;
		};
/* End PBXFrameworksBuildPhase section */

/* Begin PBXGroup section */
		EFD637CF1CFF777A003AB079 = {
			isa = PBXGroup;
			children = (
				EFD637DA1CFF777A003AB079 /* Edumate */,
				EFD637D91CFF777A003AB079 /* Products */,
			);
			sourceTree = "<group>";
		};
		EFD637D91CFF777A003AB079 /* Products */ = {
			isa = PBXGroup;
			children = (
				EFD637D81CFF777A003AB079 /* Edumate.app */,
			);
			name = Products;
			sourceTree = "<group>";
		};
		EFD637DA1CFF777A003AB079 /* Edumate */ = {
			isa = PBXGroup;
			children = (
				EFD637DB1CFF777A003AB079 /* AppDelegate.swift */,
				EFD637DD1CFF777A003AB079 /* ViewController.swift */,
				EFD637DF1CFF777A003AB079 /* Main.storyboard */,
				EFD637E21CFF777A003AB079 /* Assets.xcassets */,
				EFD637E41CFF777A003AB079 /* LaunchScreen.storyboard */,
				EFD637E71CFF777A003AB079 /* Info.plist */,
			);
			path = Edumate;
			sourceTree = "<group>";
		};
/* End PBXGroup section */

/* Begin PBXNativeTarget section */
		EFD637D71CFF777A003AB079 /* Edumate */ = {
			isa = PBXNativeTarget;
			buildConfigurationList = EFD637EA1CFF777A003AB079 /* Build configuration list for PBXNativeTarget "Edumate" */;
			buildPhases = (
				EFD637D41CFF777A003AB079 /* Sources */,
				EFD637D51CFF777A003AB079 /* Frameworks */,
				EFD637D61CFF777A003AB079 /* Resources */,
			);
			buildRules = (
			);
			dependencies = (
			);
			name = Edumate;
			productName = Edumate;
			productReference = EFD637D81CFF777A003AB079 /* Edumate.app */;
			productType = "com.apple.product-type.application";
		};
/* End PBXNativeTarget section */

/* Begin PBXProject section */
		EFD637D01CFF777A003AB079 /* Project object */ = {
			isa = PBXProject;
			attributes = {
				LastSwiftUpdateCheck = 0730;
				LastUpgradeCheck = 0730;
				ORGANIZATIONNAME = "Rodrigo Mantica";
				TargetAttributes = {
					EFD637D71CFF777A003AB079 = {
						CreatedOnToolsVersion = 7.3.1;
					};
				};
			};
			buildConfigurationList = EFD637D31CFF777A003AB079 /* Build configuration list for PBXProject "Edumate" */;
			compatibilityVersion = "Xcode 3.2";
			developmentRegion = English;
			hasScannedForEncodings = 0;
			knownRegions = (
				en,
				Base,
			);
			mainGroup = EFD637CF1CFF777A003AB079;
			productRefGroup = EFD637D91CFF777A003AB079 /* Products */;
			projectDirPath = "";
			projectRoot = "";
			targets = (
				EFD637D71CFF777A003AB079 /* Edumate */,
			);
		};
/* End PBXProject section */

/* Begin PBXResourcesBuildPhase section */
		EFD637D61CFF777A003AB079 /* Resources */ = {
			isa = PBXResourcesBuildPhase;
			buildActionMask = 2147483647;
			files = (
				EFD637E61CFF777A003AB079 /* LaunchScreen.storyboard in Resources */,
				EFD637E31CFF777A003AB079 /* Assets.xcassets in Resources */,
				EFD637E11CFF777A003AB079 /* Main.storyboard in Resources */,
			);
			runOnlyForDeploymentPostprocessing = 0;
		};
/* End PBXResourcesBuildPhase section */

/* Begin PBXSourcesBuildPhase section */
		EFD637D41CFF777A003AB079 /* Sources */ = {
			isa = PBXSourcesBuildPhase;
			buildActionMask = 2147483647;
			files = (
				EFD637DE1CFF777A003AB079 /* ViewController.swift in Sources */,
				EFD637DC1CFF777A003AB079 /* AppDelegate.swift in Sources */,
			);
			runOnlyForDeploymentPostprocessing = 0;
		};
/* End PBXSourcesBuildPhase section */

/* Begin PBXVariantGroup section */
		EFD637DF1CFF777A003AB079 /* Main.storyboard */ = {
			isa = PBXVariantGroup;
			children = (
				EFD637E01CFF777A003AB079 /* Base */,
			);
			name = Main.storyboard;
			sourceTree = "<group>";
		};
		EFD637E41CFF777A003AB079 /* LaunchScreen.storyboard */ = {
			isa = PBXVariantGroup;
			children = (
				EFD637E51CFF777A003AB079 /* Base */,
			);
			name = LaunchScreen.storyboard;
			sourceTree = "<group>";
		};
/* End PBXVariantGroup section */

/* Begin XCBuildConfiguration section */
		EFD637E81CFF777A003AB079 /* Debug */ = {
			isa = XCBuildConfiguration;
			buildSettings = {
				ALWAYS_SEARCH_USER_PATHS = NO;
				CLANG_ANALYZER_NONNULL = YES;
				CLANG_CXX_LANGUAGE_STANDARD = "gnu++0x";
				CLANG_CXX_LIBRARY = "libc++";
				CLANG_ENABLE_MODULES = YES;
				CLANG_ENABLE_OBJC_ARC = YES;
				CLANG_WARN_BOOL_CONVERSION = YES;
				CLANG_WARN_CONSTANT_CONVERSION = YES;
				CLANG_WARN_DIRECT_OBJC_ISA_USAGE = YES_ERROR;
				CLANG_WARN_EMPTY_BODY = YES;
				CLANG_WARN_ENUM_CONVERSION = YES;
				CLANG_WARN_INT_CONVERSION = YES;
				CLANG_WARN_OBJC_ROOT_CLASS = YES_ERROR;
				CLANG_WARN_UNREACHABLE_CODE = YES;
				CLANG_WARN__DUPLICATE_METHOD_MATCH = YES;
				"CODE_SIGN_IDENTITY[sdk=iphoneos*]" = "iPhone Developer";
				COPY_PHASE_STRIP = NO;
				DEBUG_INFORMATION_FORMAT = dwarf;
				ENABLE_STRICT_OBJC_MSGSEND = YES;
				ENABLE_TESTABILITY = YES;
				GCC_C_LANGUAGE_STANDARD = gnu99;
				GCC_DYNAMIC_NO_PIC = NO;
				GCC_NO_COMMON_BLOCKS = YES;
				GCC_OPTIMIZATION_LEVEL = 0;
				GCC_PREPROCESSOR_DEFINITIONS = (
					"DEBUG=1",
					"$(inherited)",
				);
				GCC_WARN_64_TO_32_BIT_CONVERSION = YES;
				GCC_WARN_ABOUT_RETURN_TYPE = YES_ERROR;
				GCC_WARN_UNDECLARED_SELECTOR = YES;
				GCC_WARN_UNINITIALIZED_AUTOS = YES_AGGRESSIVE;
				GCC_WARN_UNUSED_FUNCTION = YES;
				GCC_WARN_UNUSED_VARIABLE = YES;
				IPHONEOS_DEPLOYMENT_TARGET = 9.3;
				MTL_ENABLE_DEBUG_INFO = YES;
				ONLY_ACTIVE_ARCH = YES;
				SDKROOT = iphoneos;
				SWIFT_OPTIMIZATION_LEVEL = "-Onone";
				TARGETED_DEVICE_FAMILY = "1,2";
			};
			name = Debug;
		};
		EFD637E91CFF777A003AB079 /* Release */ = {
			isa = XCBuildConfiguration;
			buildSettings = {
				ALWAYS_SEARCH_USER_PATHS = NO;
				CLANG_ANALYZER_NONNULL = YES;
				CLANG_CXX_LANGUAGE_STANDARD = "gnu++0x";
				CLANG_CXX_LIBRARY = "libc++";
				CLANG_ENABLE_MODULES = YES;
				CLANG_ENABLE_OBJC_ARC = YES;
				CLANG_WARN_BOOL_CONVERSION = YES;
				CLANG_WARN_CONSTANT_CONVERSION = YES;
				CLANG_WARN_DIRECT_OBJC_ISA_USAGE = YES_ERROR;
				CLANG_WARN_EMPTY_BODY = YES;
				CLANG_WARN_ENUM_CONVERSION = YES;
				CLANG_WARN_INT_CONVERSION = YES;
				CLANG_WARN_OBJC_ROOT_CLASS = YES_ERROR;
				CLANG_WARN_UNREACHABLE_CODE = YES;
				CLANG_WARN__DUPLICATE_METHOD_MATCH = YES;
				"CODE_SIGN_IDENTITY[sdk=iphoneos*]" = "iPhone Developer";
				COPY_PHASE_STRIP = NO;
				DEBUG_INFORMATION_FORMAT = "dwarf-with-dsym";
				ENABLE_NS_ASSERTIONS = NO;
				ENABLE_STRICT_OBJC_MSGSEND = YES;
				GCC_C_LANGUAGE_STANDARD = gnu99;
				GCC_NO_COMMON_BLOCKS = YES;
				GCC_WARN_64_TO_32_BIT_CONVERSION = YES;
				GCC_WARN_ABOUT_RETURN_TYPE = YES_ERROR;
				GCC_WARN_UNDECLARED_SELECTOR = YES;
				GCC_WARN_UNINITIALIZED_AUTOS = YES_AGGRESSIVE;
				GCC_WARN_UNUSED_FUNCTION = YES;
				GCC_WARN_UNUSED_VARIABLE = YES;
				IPHONEOS_DEPLOYMENT_TARGET = 9.3;
				MTL_ENABLE_DEBUG_INFO = NO;
				SDKROOT = iphoneos;
				TARGETED_DEVICE_FAMILY = "1,2";
				VALIDATE_PRODUCT = YES;
			};
			name = Release;
		};
		EFD637EB1CFF777A003AB079 /* Debug */ = {
			isa = XCBuildConfiguration;
			buildSettings = {
				ASSETCATALOG_COMPILER_APPICON_NAME = AppIcon;
				INFOPLIST_FILE = Edumate/Info.plist;
				LD_RUNPATH_SEARCH_PATHS = "$(inherited) @executable_path/Frameworks";
				PRODUCT_BUNDLE_IDENTIFIER = com.mantica.Edumate;
				PRODUCT_NAME = "$(TARGET_NAME)";
			};
			name = Debug;
		};
		EFD637EC1CFF777A003AB079 /* Release */ = {
			isa = XCBuildConfiguration;
			buildSettings = {
				ASSETCATALOG_COMPILER_APPICON_NAME = AppIcon;
				INFOPLIST_FILE = Edumate/Info.plist;
				LD_RUNPATH_SEARCH_PATHS = "$(inherited) @executable_path/Frameworks";
				PRODUCT_BUNDLE_IDENTIFIER = com.mantica.Edumate;
				PRODUCT_NAME = "$(TARGET_NAME)";
			};
			name = Release;
		};
/* End XCBuildConfiguration section */

/* Begin XCConfigurationList section */
		EFD637D31CFF777A003AB079 /* Build configuration list for PBXProject "Edumate" */ = {
			isa = XCConfigurationList;
			buildConfigurations = (
				EFD637E81CFF777A003AB079 /* Debug */,
				EFD637E91CFF777A003AB079 /* Release */,
			);
			defaultConfigurationIsVisible = 0;
			defaultConfigurationName = Release;
		};
		EFD637EA1CFF777A003AB079 /* Build configuration list for PBXNativeTarget "Edumate" */ = {
			isa = XCConfigurationList;
			buildConfigurations = (
				EFD637EB1CFF777A003AB079 /* Debug */,
				EFD637EC1CFF777A003AB079 /* Release */,
			);
			defaultConfigurationIsVisible = 0;
		};
/* End XCConfigurationList section */
	};
	rootObject = EFD637D01CFF777A003AB079 /* Project object */;
}
